
Microsoft Visual Studio Solution File, Format Version 12.00
# Visual Studio Version 17
VisualStudioVersion = 17.8.34330.188
MinimumVisualStudioVersion = 10.0.40219.1
Project("{FAE04EC0-301F-11D3-BF4B-00C04F79EFBC}") = "CMSArticle", "TechTide\CMSArticle.csproj", "{2A9D9DDE-9CE6-4687-A009-897160507AEE}"
EndProject
Project("{FAE04EC0-301F-11D3-BF4B-00C04F79EFBC}") = "CMSArticle.ModelLayer", "CMSArticle.ModelsLayer\CMSArticle.ModelLayer.csproj", "{7D5906A2-3D7D-4303-A6B0-438210A4E66E}"
EndProject
Project("{FAE04EC0-301F-11D3-BF4B-00C04F79EFBC}") = "CMSArticle.RepositoryLayer", "CMSArticle.RepositoryLayer\CMSArticle.RepositoryLayer.csproj", "{69DC0018-F101-40AD-A06F-9B988123282B}"
EndProject
Project("{FAE04EC0-301F-11D3-BF4B-00C04F79EFBC}") = "CMSArticle.ServiceLayer", "CMSArticle.ServiceLayer\CMSArticle.ServiceLayer.csproj", "{301EFB40-0216-4B31-9013-61C7BA0720C5}"
EndProject
Global
	GlobalSection(SolutionConfigurationPlatforms) = preSolution
		Debug|Any CPU = Debug|Any CPU
		Release|Any CPU = Release|Any CPU
	EndGlobalSection
	GlobalSection(ProjectConfigurationPlatforms) = postSolution
		{2A9D9DDE-9CE6-4687-A009-897160507AEE}.Debug|Any CPU.ActiveCfg = Debug|Any CPU
		{2A9D9DDE-9CE6-4687-A009-897160507AEE}.Debug|Any CPU.Build.0 = Debug|Any CPU
		{2A9D9DDE-9CE6-4687-A009-897160507AEE}.Release|Any CPU.ActiveCfg = Release|Any CPU
		{2A9D9DDE-9CE6-4687-A009-897160507AEE}.Release|Any CPU.Build.0 = Release|Any CPU
		{7D5906A2-3D7D-4303-A6B0-438210A4E66E}.Debug|Any CPU.ActiveCfg = Debug|Any CPU
		{7D5906A2-3D7D-4303-A6B0-438210A4E66E}.Debug|Any CPU.Build.0 = Debug|Any CPU
		{7D5906A2-3D7D-4303-A6B0-438210A4E66E}.Release|Any CPU.ActiveCfg = Release|Any CPU
		{7D5906A2-3D7D-4303-A6B0-438210A4E66E}.Release|Any CPU.Build.0 = Release|Any CPU
		{69DC0018-F101-40AD-A06F-9B988123282B}.Debug|Any CPU.ActiveCfg = Debug|Any CPU
		{69DC0018-F101-40AD-A06F-9B988123282B}.Debug|Any CPU.Build.0 = Debug|Any CPU
		{69DC0018-F101-40AD-A06F-9B988123282B}.Release|Any CPU.ActiveCfg = Release|Any CPU
		{69DC0018-F101-40AD-A06F-9B988123282B}.Release|Any CPU.Build.0 = Release|Any CPU
		{301EFB40-0216-4B31-9013-61C7BA0720C5}.Debug|Any CPU.ActiveCfg = Debug|Any CPU
		{301EFB40-0216-4B31-9013-61C7BA0720C5}.Debug|Any CPU.Build.0 = Debug|Any CPU
		{301EFB40-0216-4B31-9013-61C7BA0720C5}.Release|Any CPU.ActiveCfg = Release|Any CPU
		{301EFB40-0216-4B31-9013-61C7BA0720C5}.Release|Any CPU.Build.0 = Release|Any CPU
	EndGlobalSection
	GlobalSection(SolutionProperties) = preSolution
		HideSolutionNode = FALSE
	EndGlobalSection
	GlobalSection(ExtensibilityGlobals) = postSolution
		SolutionGuid = {E05E7FC9-5BE0-4002-987A-B23EEED37837}
	EndGlobalSection
EndGlobal
